
Microsoft Visual Studio Solution File, Format Version 12.00
# Visual Studio Version 17
VisualStudioVersion = 17.5.33530.505
MinimumVisualStudioVersion = 10.0.40219.1
Project("{FAE04EC0-301F-11D3-BF4B-00C04F79EFBC}") = "Test_Report", "Test_Report\Test_Report.csproj", "{9B5DB3AE-7812-472E-8007-2C6D1C13892B}"
EndProject
Global
	GlobalSection(SolutionConfigurationPlatforms) = preSolution
		Debug|Any CPU = Debug|Any CPU
		Release|Any CPU = Release|Any CPU
	EndGlobalSection
	GlobalSection(ProjectConfigurationPlatforms) = postSolution
		{9B5DB3AE-7812-472E-8007-2C6D1C13892B}.Debug|Any CPU.ActiveCfg = Debug|Any CPU
		{9B5DB3AE-7812-472E-8007-2C6D1C13892B}.Debug|Any CPU.Build.0 = Debug|Any CPU
		{9B5DB3AE-7812-472E-8007-2C6D1C13892B}.Release|Any CPU.ActiveCfg = Release|Any CPU
		{9B5DB3AE-7812-472E-8007-2C6D1C13892B}.Release|Any CPU.Build.0 = Release|Any CPU
	EndGlobalSection
	GlobalSection(SolutionProperties) = preSolution
		HideSolutionNode = FALSE
	EndGlobalSection
	GlobalSection(ExtensibilityGlobals) = postSolution
		SolutionGuid = {B00DACB3-6BBC-4976-8B8D-8F6546E7FC62}
	EndGlobalSection
EndGlobal
